
Microsoft Visual Studio Solution File, Format Version 12.00
# Visual Studio 2013
VisualStudioVersion = 12.0.21005.1
MinimumVisualStudioVersion = 10.0.40219.1
Project("{FAE04EC0-301F-11D3-BF4B-00C04F79EFBC}") = "SuperMarket", "SuperMarket\SuperMarket.csproj", "{0629F49C-9AEC-4504-83D6-D29EC8CBD81E}"
EndProject
Project("{2150E333-8FDC-42A3-9474-1A3956D46DE8}") = "db", "db", "{FAF6052D-44F5-49F0-A295-95D4B9A10970}"
EndProject
Project("{00D1A9C2-B5F0-4AF3-8072-F6C62B433612}") = "Data1", "Data1\Data1.sqlproj", "{27377203-1168-4D4F-9711-6AE17E993D75}"
EndProject
Global
	GlobalSection(SolutionConfigurationPlatforms) = preSolution
		Debug|Any CPU = Debug|Any CPU
		Release|Any CPU = Release|Any CPU
	EndGlobalSection
	GlobalSection(ProjectConfigurationPlatforms) = postSolution
		{0629F49C-9AEC-4504-83D6-D29EC8CBD81E}.Debug|Any CPU.ActiveCfg = Debug|Any CPU
		{0629F49C-9AEC-4504-83D6-D29EC8CBD81E}.Debug|Any CPU.Build.0 = Debug|Any CPU
		{0629F49C-9AEC-4504-83D6-D29EC8CBD81E}.Release|Any CPU.ActiveCfg = Release|Any CPU
		{0629F49C-9AEC-4504-83D6-D29EC8CBD81E}.Release|Any CPU.Build.0 = Release|Any CPU
		{27377203-1168-4D4F-9711-6AE17E993D75}.Debug|Any CPU.ActiveCfg = Debug|Any CPU
		{27377203-1168-4D4F-9711-6AE17E993D75}.Debug|Any CPU.Build.0 = Debug|Any CPU
		{27377203-1168-4D4F-9711-6AE17E993D75}.Debug|Any CPU.Deploy.0 = Debug|Any CPU
		{27377203-1168-4D4F-9711-6AE17E993D75}.Release|Any CPU.ActiveCfg = Release|Any CPU
		{27377203-1168-4D4F-9711-6AE17E993D75}.Release|Any CPU.Build.0 = Release|Any CPU
		{27377203-1168-4D4F-9711-6AE17E993D75}.Release|Any CPU.Deploy.0 = Release|Any CPU
	EndGlobalSection
	GlobalSection(SolutionProperties) = preSolution
		HideSolutionNode = FALSE
	EndGlobalSection
EndGlobal
